
Microsoft Visual Studio Solution File, Format Version 12.00
# Visual Studio Version 17
VisualStudioVersion = 17.11.35312.102
MinimumVisualStudioVersion = 10.0.40219.1
Project("{9A19103F-16F7-4668-BE54-9A1E7A4F7556}") = "FullStack-TS-Vue--CS-WebAPI.Server", "FullStack-TS-Vue--CS-WebAPI.Server\FullStack-TS-Vue--CS-WebAPI.Server.csproj", "{49D36DD4-7384-4D75-A1CB-A2FB53AE8552}"
EndProject
Project("{54A90642-561A-4BB1-A94E-469ADEE60C69}") = "fullstack-ts-vue--cs-webapi.client", "fullstack-ts-vue--cs-webapi.client\fullstack-ts-vue--cs-webapi.client.esproj", "{C6A6B415-F0C0-4F6B-BF25-BA77F78B6363}"
EndProject
Project("{9A19103F-16F7-4668-BE54-9A1E7A4F7556}") = "DataAccess", "DataAccess\DataAccess.csproj", "{839895A4-E6EE-48D4-8BFF-708F1509AC4E}"
EndProject
Global
	GlobalSection(SolutionConfigurationPlatforms) = preSolution
		Debug|Any CPU = Debug|Any CPU
		Release|Any CPU = Release|Any CPU
	EndGlobalSection
	GlobalSection(ProjectConfigurationPlatforms) = postSolution
		{49D36DD4-7384-4D75-A1CB-A2FB53AE8552}.Debug|Any CPU.ActiveCfg = Debug|Any CPU
		{49D36DD4-7384-4D75-A1CB-A2FB53AE8552}.Debug|Any CPU.Build.0 = Debug|Any CPU
		{49D36DD4-7384-4D75-A1CB-A2FB53AE8552}.Release|Any CPU.ActiveCfg = Release|Any CPU
		{49D36DD4-7384-4D75-A1CB-A2FB53AE8552}.Release|Any CPU.Build.0 = Release|Any CPU
		{C6A6B415-F0C0-4F6B-BF25-BA77F78B6363}.Debug|Any CPU.ActiveCfg = Debug|Any CPU
		{C6A6B415-F0C0-4F6B-BF25-BA77F78B6363}.Debug|Any CPU.Build.0 = Debug|Any CPU
		{C6A6B415-F0C0-4F6B-BF25-BA77F78B6363}.Debug|Any CPU.Deploy.0 = Debug|Any CPU
		{C6A6B415-F0C0-4F6B-BF25-BA77F78B6363}.Release|Any CPU.ActiveCfg = Release|Any CPU
		{C6A6B415-F0C0-4F6B-BF25-BA77F78B6363}.Release|Any CPU.Build.0 = Release|Any CPU
		{C6A6B415-F0C0-4F6B-BF25-BA77F78B6363}.Release|Any CPU.Deploy.0 = Release|Any CPU
		{839895A4-E6EE-48D4-8BFF-708F1509AC4E}.Debug|Any CPU.ActiveCfg = Debug|Any CPU
		{839895A4-E6EE-48D4-8BFF-708F1509AC4E}.Debug|Any CPU.Build.0 = Debug|Any CPU
		{839895A4-E6EE-48D4-8BFF-708F1509AC4E}.Release|Any CPU.ActiveCfg = Release|Any CPU
		{839895A4-E6EE-48D4-8BFF-708F1509AC4E}.Release|Any CPU.Build.0 = Release|Any CPU
	EndGlobalSection
	GlobalSection(SolutionProperties) = preSolution
		HideSolutionNode = FALSE
	EndGlobalSection
	GlobalSection(ExtensibilityGlobals) = postSolution
		SolutionGuid = {A4E9C3B6-679A-45ED-900A-BC44C9F9E5E3}
	EndGlobalSection
EndGlobal
